// !$*UTF8*$!
{
	archiveVersion = 1;
	classes = {
	};
	objectVersion = 50;
	objects = {

/* Begin PBXBuildFile section */
		449CDCE3C96FCBE2B172BC39 /* Pods_StudyClubTests.framework in Frameworks */ = {isa = PBXBuildFile; fileRef = 61F38FB56E71BCB30E0E087B /* Pods_StudyClubTests.framework */; };
		451D81B1AF3404FDFFE11E8F /* Pods_StudyClubUITests.framework in Frameworks */ = {isa = PBXBuildFile; fileRef = 5973E06BFF21A4DFB188A948 /* Pods_StudyClubUITests.framework */; };
		980511B320AC8DA700C461F1 /* PostQuestionViewController.swift in Sources */ = {isa = PBXBuildFile; fileRef = 980511B220AC8DA700C461F1 /* PostQuestionViewController.swift */; };
		980511B520AC91F300C461F1 /* StudentMainViewController.swift in Sources */ = {isa = PBXBuildFile; fileRef = 980511B420AC91F300C461F1 /* StudentMainViewController.swift */; };
		980511B720AC9A8C00C461F1 /* StoryCollectionViewCell.swift in Sources */ = {isa = PBXBuildFile; fileRef = 980511B620AC9A8C00C461F1 /* StoryCollectionViewCell.swift */; };
		980511B920ACAAD300C461F1 /* StoryViewController.swift in Sources */ = {isa = PBXBuildFile; fileRef = 980511B820ACAAD300C461F1 /* StoryViewController.swift */; };
		980511BD20ACBD7F00C461F1 /* CustomViewCell.swift in Sources */ = {isa = PBXBuildFile; fileRef = 980511BC20ACBD7F00C461F1 /* CustomViewCell.swift */; };
		980511C120ACBD9B00C461F1 /* QuestionsViewController.swift in Sources */ = {isa = PBXBuildFile; fileRef = 980511C020ACBD9B00C461F1 /* QuestionsViewController.swift */; };
		980511C320ACBDA700C461F1 /* ShowQuestionViewController.swift in Sources */ = {isa = PBXBuildFile; fileRef = 980511C220ACBDA700C461F1 /* ShowQuestionViewController.swift */; };
		980511CD20ACBFC500C461F1 /* RankingViewController.swift in Sources */ = {isa = PBXBuildFile; fileRef = 980511CC20ACBFC500C461F1 /* RankingViewController.swift */; };
		980511D220ACBFD100C461F1 /* RankingTableViewCell.swift in Sources */ = {isa = PBXBuildFile; fileRef = 980511D120ACBFD100C461F1 /* RankingTableViewCell.swift */; };
		980511D620ACC07D00C461F1 /* FirstAnswerViewController.swift in Sources */ = {isa = PBXBuildFile; fileRef = 980511D520ACC07D00C461F1 /* FirstAnswerViewController.swift */; };
		980511D820ACC21A00C461F1 /* AlunoMain.storyboard in Resources */ = {isa = PBXBuildFile; fileRef = 980511D720ACC21900C461F1 /* AlunoMain.storyboard */; };
		980511DA20ACC22100C461F1 /* AlunoViewController.swift in Sources */ = {isa = PBXBuildFile; fileRef = 980511D920ACC22000C461F1 /* AlunoViewController.swift */; };
		980511DC20ACC22A00C461F1 /* AlunoAddClassViewController.swift in Sources */ = {isa = PBXBuildFile; fileRef = 980511DB20ACC22900C461F1 /* AlunoAddClassViewController.swift */; };
		989A002820A9EDBE00D6545C /* SubjectViewController.swift in Sources */ = {isa = PBXBuildFile; fileRef = 989A002720A9EDBE00D6545C /* SubjectViewController.swift */; };
		989A002A20A9EE2700D6545C /* CadastroMateriaViewController.swift in Sources */ = {isa = PBXBuildFile; fileRef = 989A002920A9EE2700D6545C /* CadastroMateriaViewController.swift */; };
		989A002C20A9F5FD00D6545C /* SubjectTableViewCell.swift in Sources */ = {isa = PBXBuildFile; fileRef = 989A002B20A9F5FD00D6545C /* SubjectTableViewCell.swift */; };
		98A74EED20A6078700CDCE27 /* Section.swift in Sources */ = {isa = PBXBuildFile; fileRef = 98A74EEB20A6078700CDCE27 /* Section.swift */; };
		98A74EEE20A6078700CDCE27 /* ExpandableHeaderView.swift in Sources */ = {isa = PBXBuildFile; fileRef = 98A74EEC20A6078700CDCE27 /* ExpandableHeaderView.swift */; };
		98CAFE6B20A355BD00938C16 /* AppDelegate.swift in Sources */ = {isa = PBXBuildFile; fileRef = 98CAFE6A20A355BD00938C16 /* AppDelegate.swift */; };
		98CAFE6D20A355BD00938C16 /* ViewController.swift in Sources */ = {isa = PBXBuildFile; fileRef = 98CAFE6C20A355BD00938C16 /* ViewController.swift */; };
		98CAFE7020A355BD00938C16 /* Main.storyboard in Resources */ = {isa = PBXBuildFile; fileRef = 98CAFE6E20A355BD00938C16 /* Main.storyboard */; };
		98CAFE7220A355BE00938C16 /* Assets.xcassets in Resources */ = {isa = PBXBuildFile; fileRef = 98CAFE7120A355BE00938C16 /* Assets.xcassets */; };
		98CAFE7520A355BE00938C16 /* LaunchScreen.storyboard in Resources */ = {isa = PBXBuildFile; fileRef = 98CAFE7320A355BE00938C16 /* LaunchScreen.storyboard */; };
		98CAFE8020A355BF00938C16 /* StudyClubTests.swift in Sources */ = {isa = PBXBuildFile; fileRef = 98CAFE7F20A355BF00938C16 /* StudyClubTests.swift */; };
		98CAFE8B20A355BF00938C16 /* StudyClubUITests.swift in Sources */ = {isa = PBXBuildFile; fileRef = 98CAFE8A20A355BF00938C16 /* StudyClubUITests.swift */; };
		98CAFE9920A36B9B00938C16 /* ExpandedTableViewCell.swift in Sources */ = {isa = PBXBuildFile; fileRef = 98CAFE9820A36B9B00938C16 /* ExpandedTableViewCell.swift */; };
		98CAFE9F20A38E6B00938C16 /* ContractedTableViewCell.swift in Sources */ = {isa = PBXBuildFile; fileRef = 98CAFE9E20A38E6A00938C16 /* ContractedTableViewCell.swift */; };
		98D06A1F20ACE2210062D530 /* GoogleService-Info.plist in Resources */ = {isa = PBXBuildFile; fileRef = 98FE664320ACE0EB009AF660 /* GoogleService-Info.plist */; };
		98FE663E20ACD81E009AF660 /* Home.storyboard in Resources */ = {isa = PBXBuildFile; fileRef = 98FE663D20ACD81E009AF660 /* Home.storyboard */; };
		98FE664020ACD827009AF660 /* LoginController.swift in Sources */ = {isa = PBXBuildFile; fileRef = 98FE663F20ACD827009AF660 /* LoginController.swift */; };
		98FE664220ACD82E009AF660 /* RegisterController.swift in Sources */ = {isa = PBXBuildFile; fileRef = 98FE664120ACD82E009AF660 /* RegisterController.swift */; };
		E2D32E66734F03860AD98E59 /* Pods_StudyClub.framework in Frameworks */ = {isa = PBXBuildFile; fileRef = BA4CB0B8060025C59B715AEC /* Pods_StudyClub.framework */; };
/* End PBXBuildFile section */

/* Begin PBXContainerItemProxy section */
		98CAFE7C20A355BF00938C16 /* PBXContainerItemProxy */ = {
			isa = PBXContainerItemProxy;
			containerPortal = 98CAFE5F20A355BD00938C16 /* Project object */;
			proxyType = 1;
			remoteGlobalIDString = 98CAFE6620A355BD00938C16;
			remoteInfo = StudyClub;
		};
		98CAFE8720A355BF00938C16 /* PBXContainerItemProxy */ = {
			isa = PBXContainerItemProxy;
			containerPortal = 98CAFE5F20A355BD00938C16 /* Project object */;
			proxyType = 1;
			remoteGlobalIDString = 98CAFE6620A355BD00938C16;
			remoteInfo = StudyClub;
		};
/* End PBXContainerItemProxy section */

/* Begin PBXFileReference section */
		56FA7C4A2114DC6BF5D598D5 /* Pods-StudyClubTests.release.xcconfig */ = {isa = PBXFileReference; includeInIndex = 1; lastKnownFileType = text.xcconfig; name = "Pods-StudyClubTests.release.xcconfig"; path = "Pods/Target Support Files/Pods-StudyClubTests/Pods-StudyClubTests.release.xcconfig"; sourceTree = "<group>"; };
		5973E06BFF21A4DFB188A948 /* Pods_StudyClubUITests.framework */ = {isa = PBXFileReference; explicitFileType = wrapper.framework; includeInIndex = 0; path = Pods_StudyClubUITests.framework; sourceTree = BUILT_PRODUCTS_DIR; };
		61F38FB56E71BCB30E0E087B /* Pods_StudyClubTests.framework */ = {isa = PBXFileReference; explicitFileType = wrapper.framework; includeInIndex = 0; path = Pods_StudyClubTests.framework; sourceTree = BUILT_PRODUCTS_DIR; };
		7CC66F1616FD738299976805 /* Pods-StudyClubUITests.debug.xcconfig */ = {isa = PBXFileReference; includeInIndex = 1; lastKnownFileType = text.xcconfig; name = "Pods-StudyClubUITests.debug.xcconfig"; path = "Pods/Target Support Files/Pods-StudyClubUITests/Pods-StudyClubUITests.debug.xcconfig"; sourceTree = "<group>"; };
		86D47EA949A78FE61451B0AF /* Pods-StudyClubTests.debug.xcconfig */ = {isa = PBXFileReference; includeInIndex = 1; lastKnownFileType = text.xcconfig; name = "Pods-StudyClubTests.debug.xcconfig"; path = "Pods/Target Support Files/Pods-StudyClubTests/Pods-StudyClubTests.debug.xcconfig"; sourceTree = "<group>"; };
		8E3881A32B2A21F138F4509B /* Pods-StudyClub.debug.xcconfig */ = {isa = PBXFileReference; includeInIndex = 1; lastKnownFileType = text.xcconfig; name = "Pods-StudyClub.debug.xcconfig"; path = "Pods/Target Support Files/Pods-StudyClub/Pods-StudyClub.debug.xcconfig"; sourceTree = "<group>"; };
		980511B220AC8DA700C461F1 /* PostQuestionViewController.swift */ = {isa = PBXFileReference; lastKnownFileType = sourcecode.swift; path = PostQuestionViewController.swift; sourceTree = "<group>"; };
		980511B420AC91F300C461F1 /* StudentMainViewController.swift */ = {isa = PBXFileReference; lastKnownFileType = sourcecode.swift; path = StudentMainViewController.swift; sourceTree = "<group>"; };
		980511B620AC9A8C00C461F1 /* StoryCollectionViewCell.swift */ = {isa = PBXFileReference; lastKnownFileType = sourcecode.swift; path = StoryCollectionViewCell.swift; sourceTree = "<group>"; };
		980511B820ACAAD300C461F1 /* StoryViewController.swift */ = {isa = PBXFileReference; lastKnownFileType = sourcecode.swift; name = StoryViewController.swift; path = StudyClub/Views/StoryViewController.swift; sourceTree = SOURCE_ROOT; };
		980511BC20ACBD7F00C461F1 /* CustomViewCell.swift */ = {isa = PBXFileReference; fileEncoding = 4; lastKnownFileType = sourcecode.swift; path = CustomViewCell.swift; sourceTree = "<group>"; };
		980511C020ACBD9B00C461F1 /* QuestionsViewController.swift */ = {isa = PBXFileReference; fileEncoding = 4; lastKnownFileType = sourcecode.swift; path = QuestionsViewController.swift; sourceTree = "<group>"; };
		980511C220ACBDA700C461F1 /* ShowQuestionViewController.swift */ = {isa = PBXFileReference; fileEncoding = 4; lastKnownFileType = sourcecode.swift; path = ShowQuestionViewController.swift; sourceTree = "<group>"; };
		980511CC20ACBFC500C461F1 /* RankingViewController.swift */ = {isa = PBXFileReference; fileEncoding = 4; lastKnownFileType = sourcecode.swift; name = RankingViewController.swift; path = ../../../Bruno/StudyClub/Ranking/Ranking/RankingViewController.swift; sourceTree = "<group>"; };
		980511D120ACBFD100C461F1 /* RankingTableViewCell.swift */ = {isa = PBXFileReference; fileEncoding = 4; lastKnownFileType = sourcecode.swift; name = RankingTableViewCell.swift; path = ../../../Bruno/StudyClub/Ranking/Ranking/RankingTableViewCell.swift; sourceTree = "<group>"; };
		980511D520ACC07D00C461F1 /* FirstAnswerViewController.swift */ = {isa = PBXFileReference; fileEncoding = 4; lastKnownFileType = sourcecode.swift; path = FirstAnswerViewController.swift; sourceTree = "<group>"; };
		980511D720ACC21900C461F1 /* AlunoMain.storyboard */ = {isa = PBXFileReference; fileEncoding = 4; lastKnownFileType = file.storyboard; path = AlunoMain.storyboard; sourceTree = "<group>"; };
		980511D920ACC22000C461F1 /* AlunoViewController.swift */ = {isa = PBXFileReference; fileEncoding = 4; lastKnownFileType = sourcecode.swift; path = AlunoViewController.swift; sourceTree = "<group>"; };
		980511DB20ACC22900C461F1 /* AlunoAddClassViewController.swift */ = {isa = PBXFileReference; fileEncoding = 4; lastKnownFileType = sourcecode.swift; path = AlunoAddClassViewController.swift; sourceTree = "<group>"; };
		989A002720A9EDBE00D6545C /* SubjectViewController.swift */ = {isa = PBXFileReference; lastKnownFileType = sourcecode.swift; path = SubjectViewController.swift; sourceTree = "<group>"; };
		989A002920A9EE2700D6545C /* CadastroMateriaViewController.swift */ = {isa = PBXFileReference; lastKnownFileType = sourcecode.swift; path = CadastroMateriaViewController.swift; sourceTree = "<group>"; };
		989A002B20A9F5FD00D6545C /* SubjectTableViewCell.swift */ = {isa = PBXFileReference; lastKnownFileType = sourcecode.swift; path = SubjectTableViewCell.swift; sourceTree = "<group>"; };
		98A74EEB20A6078700CDCE27 /* Section.swift */ = {isa = PBXFileReference; fileEncoding = 4; lastKnownFileType = sourcecode.swift; path = Section.swift; sourceTree = "<group>"; };
		98A74EEC20A6078700CDCE27 /* ExpandableHeaderView.swift */ = {isa = PBXFileReference; fileEncoding = 4; lastKnownFileType = sourcecode.swift; path = ExpandableHeaderView.swift; sourceTree = "<group>"; };
		98CAFE6720A355BD00938C16 /* StudyClub.app */ = {isa = PBXFileReference; explicitFileType = wrapper.application; includeInIndex = 0; path = StudyClub.app; sourceTree = BUILT_PRODUCTS_DIR; };
		98CAFE6A20A355BD00938C16 /* AppDelegate.swift */ = {isa = PBXFileReference; lastKnownFileType = sourcecode.swift; path = AppDelegate.swift; sourceTree = "<group>"; };
		98CAFE6C20A355BD00938C16 /* ViewController.swift */ = {isa = PBXFileReference; lastKnownFileType = sourcecode.swift; path = ViewController.swift; sourceTree = "<group>"; };
		98CAFE6F20A355BD00938C16 /* Base */ = {isa = PBXFileReference; lastKnownFileType = file.storyboard; name = Base; path = Base.lproj/Main.storyboard; sourceTree = "<group>"; };
		98CAFE7120A355BE00938C16 /* Assets.xcassets */ = {isa = PBXFileReference; lastKnownFileType = folder.assetcatalog; path = Assets.xcassets; sourceTree = "<group>"; };
		98CAFE7420A355BE00938C16 /* Base */ = {isa = PBXFileReference; lastKnownFileType = file.storyboard; name = Base; path = Base.lproj/LaunchScreen.storyboard; sourceTree = "<group>"; };
		98CAFE7620A355BE00938C16 /* Info.plist */ = {isa = PBXFileReference; lastKnownFileType = text.plist.xml; path = Info.plist; sourceTree = "<group>"; };
		98CAFE7B20A355BF00938C16 /* StudyClubTests.xctest */ = {isa = PBXFileReference; explicitFileType = wrapper.cfbundle; includeInIndex = 0; path = StudyClubTests.xctest; sourceTree = BUILT_PRODUCTS_DIR; };
		98CAFE7F20A355BF00938C16 /* StudyClubTests.swift */ = {isa = PBXFileReference; lastKnownFileType = sourcecode.swift; path = StudyClubTests.swift; sourceTree = "<group>"; };
		98CAFE8120A355BF00938C16 /* Info.plist */ = {isa = PBXFileReference; lastKnownFileType = text.plist.xml; path = Info.plist; sourceTree = "<group>"; };
		98CAFE8620A355BF00938C16 /* StudyClubUITests.xctest */ = {isa = PBXFileReference; explicitFileType = wrapper.cfbundle; includeInIndex = 0; path = StudyClubUITests.xctest; sourceTree = BUILT_PRODUCTS_DIR; };
		98CAFE8A20A355BF00938C16 /* StudyClubUITests.swift */ = {isa = PBXFileReference; lastKnownFileType = sourcecode.swift; path = StudyClubUITests.swift; sourceTree = "<group>"; };
		98CAFE8C20A355BF00938C16 /* Info.plist */ = {isa = PBXFileReference; lastKnownFileType = text.plist.xml; path = Info.plist; sourceTree = "<group>"; };
		98CAFE9820A36B9B00938C16 /* ExpandedTableViewCell.swift */ = {isa = PBXFileReference; lastKnownFileType = sourcecode.swift; path = ExpandedTableViewCell.swift; sourceTree = "<group>"; };
		98CAFE9E20A38E6A00938C16 /* ContractedTableViewCell.swift */ = {isa = PBXFileReference; lastKnownFileType = sourcecode.swift; path = ContractedTableViewCell.swift; sourceTree = "<group>"; };
		98FE663D20ACD81E009AF660 /* Home.storyboard */ = {isa = PBXFileReference; fileEncoding = 4; lastKnownFileType = file.storyboard; path = Home.storyboard; sourceTree = "<group>"; };
		98FE663F20ACD827009AF660 /* LoginController.swift */ = {isa = PBXFileReference; fileEncoding = 4; lastKnownFileType = sourcecode.swift; path = LoginController.swift; sourceTree = "<group>"; };
		98FE664120ACD82E009AF660 /* RegisterController.swift */ = {isa = PBXFileReference; fileEncoding = 4; lastKnownFileType = sourcecode.swift; path = RegisterController.swift; sourceTree = "<group>"; };
		98FE664320ACE0EB009AF660 /* GoogleService-Info.plist */ = {isa = PBXFileReference; lastKnownFileType = text.plist.xml; name = "GoogleService-Info.plist"; path = "/Users/gabriel-bandeira/Documents/swift ios/StudyClub/StudyClub/GoogleService-Info.plist"; sourceTree = "<absolute>"; };
		B8E7CF9D88698418956E834A /* Pods-StudyClub.release.xcconfig */ = {isa = PBXFileReference; includeInIndex = 1; lastKnownFileType = text.xcconfig; name = "Pods-StudyClub.release.xcconfig"; path = "Pods/Target Support Files/Pods-StudyClub/Pods-StudyClub.release.xcconfig"; sourceTree = "<group>"; };
		BA4CB0B8060025C59B715AEC /* Pods_StudyClub.framework */ = {isa = PBXFileReference; explicitFileType = wrapper.framework; includeInIndex = 0; path = Pods_StudyClub.framework; sourceTree = BUILT_PRODUCTS_DIR; };
		C4B50B59FB8C84FC75E72574 /* Pods-StudyClubUITests.release.xcconfig */ = {isa = PBXFileReference; includeInIndex = 1; lastKnownFileType = text.xcconfig; name = "Pods-StudyClubUITests.release.xcconfig"; path = "Pods/Target Support Files/Pods-StudyClubUITests/Pods-StudyClubUITests.release.xcconfig"; sourceTree = "<group>"; };
/* End PBXFileReference section */

/* Begin PBXFrameworksBuildPhase section */
		98CAFE6420A355BD00938C16 /* Frameworks */ = {
			isa = PBXFrameworksBuildPhase;
			buildActionMask = 2147483647;
			files = (
				E2D32E66734F03860AD98E59 /* Pods_StudyClub.framework in Frameworks */,
			);
			runOnlyForDeploymentPostprocessing = 0;
		};
		98CAFE7820A355BF00938C16 /* Frameworks */ = {
			isa = PBXFrameworksBuildPhase;
			buildActionMask = 2147483647;
			files = (
				449CDCE3C96FCBE2B172BC39 /* Pods_StudyClubTests.framework in Frameworks */,
			);
			runOnlyForDeploymentPostprocessing = 0;
		};
		98CAFE8320A355BF00938C16 /* Frameworks */ = {
			isa = PBXFrameworksBuildPhase;
			buildActionMask = 2147483647;
			files = (
				451D81B1AF3404FDFFE11E8F /* Pods_StudyClubUITests.framework in Frameworks */,
			);
			runOnlyForDeploymentPostprocessing = 0;
		};
/* End PBXFrameworksBuildPhase section */

/* Begin PBXGroup section */
		4CD5294DFC9EC01C85F5A4A4 /* Pods */ = {
			isa = PBXGroup;
			children = (
				8E3881A32B2A21F138F4509B /* Pods-StudyClub.debug.xcconfig */,
				B8E7CF9D88698418956E834A /* Pods-StudyClub.release.xcconfig */,
				86D47EA949A78FE61451B0AF /* Pods-StudyClubTests.debug.xcconfig */,
				56FA7C4A2114DC6BF5D598D5 /* Pods-StudyClubTests.release.xcconfig */,
				7CC66F1616FD738299976805 /* Pods-StudyClubUITests.debug.xcconfig */,
				C4B50B59FB8C84FC75E72574 /* Pods-StudyClubUITests.release.xcconfig */,
			);
			name = Pods;
			sourceTree = "<group>";
		};
		989A002420A9ED4600D6545C /* Views */ = {
			isa = PBXGroup;
			children = (
				98FE664120ACD82E009AF660 /* RegisterController.swift */,
				98FE663F20ACD827009AF660 /* LoginController.swift */,
				980511B820ACAAD300C461F1 /* StoryViewController.swift */,
				98CAFE6C20A355BD00938C16 /* ViewController.swift */,
				989A002920A9EE2700D6545C /* CadastroMateriaViewController.swift */,
				989A002720A9EDBE00D6545C /* SubjectViewController.swift */,
				980511B220AC8DA700C461F1 /* PostQuestionViewController.swift */,
				980511B420AC91F300C461F1 /* StudentMainViewController.swift */,
				980511C020ACBD9B00C461F1 /* QuestionsViewController.swift */,
				980511C220ACBDA700C461F1 /* ShowQuestionViewController.swift */,
				980511CC20ACBFC500C461F1 /* RankingViewController.swift */,
				980511D520ACC07D00C461F1 /* FirstAnswerViewController.swift */,
				980511D920ACC22000C461F1 /* AlunoViewController.swift */,
				980511DB20ACC22900C461F1 /* AlunoAddClassViewController.swift */,
			);
			path = Views;
			sourceTree = "<group>";
		};
		989A002520A9ED5D00D6545C /* TableViewCells */ = {
			isa = PBXGroup;
			children = (
				98CAFE9820A36B9B00938C16 /* ExpandedTableViewCell.swift */,
				98CAFE9E20A38E6A00938C16 /* ContractedTableViewCell.swift */,
				989A002B20A9F5FD00D6545C /* SubjectTableViewCell.swift */,
				980511B620AC9A8C00C461F1 /* StoryCollectionViewCell.swift */,
				980511BC20ACBD7F00C461F1 /* CustomViewCell.swift */,
				980511D120ACBFD100C461F1 /* RankingTableViewCell.swift */,
			);
			path = TableViewCells;
			sourceTree = "<group>";
		};
		989A002620A9ED8700D6545C /* Storyboards */ = {
			isa = PBXGroup;
			children = (
				98CAFE7320A355BE00938C16 /* LaunchScreen.storyboard */,
				98CAFE6E20A355BD00938C16 /* Main.storyboard */,
				980511D720ACC21900C461F1 /* AlunoMain.storyboard */,
				98FE663D20ACD81E009AF660 /* Home.storyboard */,
			);
			path = Storyboards;
			sourceTree = "<group>";
		};
		98A74EEA20A6070400CDCE27 /* ExpandableHeaderView */ = {
			isa = PBXGroup;
			children = (
				98A74EEC20A6078700CDCE27 /* ExpandableHeaderView.swift */,
				98A74EEB20A6078700CDCE27 /* Section.swift */,
			);
			path = ExpandableHeaderView;
			sourceTree = "<group>";
		};
		98CAFE5E20A355BD00938C16 = {
			isa = PBXGroup;
			children = (
				98CAFE6920A355BD00938C16 /* StudyClub */,
				98CAFE7E20A355BF00938C16 /* StudyClubTests */,
				98CAFE8920A355BF00938C16 /* StudyClubUITests */,
				98CAFE6820A355BD00938C16 /* Products */,
				4CD5294DFC9EC01C85F5A4A4 /* Pods */,
				BF995954740FC35E2AD17B7D /* Frameworks */,
			);
			sourceTree = "<group>";
		};
		98CAFE6820A355BD00938C16 /* Products */ = {
			isa = PBXGroup;
			children = (
				98CAFE6720A355BD00938C16 /* StudyClub.app */,
				98CAFE7B20A355BF00938C16 /* StudyClubTests.xctest */,
				98CAFE8620A355BF00938C16 /* StudyClubUITests.xctest */,
			);
			name = Products;
			sourceTree = "<group>";
		};
		98CAFE6920A355BD00938C16 /* StudyClub */ = {
			isa = PBXGroup;
			children = (
				98FE664320ACE0EB009AF660 /* GoogleService-Info.plist */,
				989A002620A9ED8700D6545C /* Storyboards */,
				989A002520A9ED5D00D6545C /* TableViewCells */,
				989A002420A9ED4600D6545C /* Views */,
				98A74EEA20A6070400CDCE27 /* ExpandableHeaderView */,
				98CAFE6A20A355BD00938C16 /* AppDelegate.swift */,
				98CAFE7120A355BE00938C16 /* Assets.xcassets */,
				98CAFE7620A355BE00938C16 /* Info.plist */,
			);
			path = StudyClub;
			sourceTree = "<group>";
		};
		98CAFE7E20A355BF00938C16 /* StudyClubTests */ = {
			isa = PBXGroup;
			children = (
				98CAFE7F20A355BF00938C16 /* StudyClubTests.swift */,
				98CAFE8120A355BF00938C16 /* Info.plist */,
			);
			path = StudyClubTests;
			sourceTree = "<group>";
		};
		98CAFE8920A355BF00938C16 /* StudyClubUITests */ = {
			isa = PBXGroup;
			children = (
				98CAFE8A20A355BF00938C16 /* StudyClubUITests.swift */,
				98CAFE8C20A355BF00938C16 /* Info.plist */,
			);
			path = StudyClubUITests;
			sourceTree = "<group>";
		};
		BF995954740FC35E2AD17B7D /* Frameworks */ = {
			isa = PBXGroup;
			children = (
				BA4CB0B8060025C59B715AEC /* Pods_StudyClub.framework */,
				61F38FB56E71BCB30E0E087B /* Pods_StudyClubTests.framework */,
				5973E06BFF21A4DFB188A948 /* Pods_StudyClubUITests.framework */,
			);
			name = Frameworks;
			sourceTree = "<group>";
		};
/* End PBXGroup section */

/* Begin PBXNativeTarget section */
		98CAFE6620A355BD00938C16 /* StudyClub */ = {
			isa = PBXNativeTarget;
			buildConfigurationList = 98CAFE8F20A355BF00938C16 /* Build configuration list for PBXNativeTarget "StudyClub" */;
			buildPhases = (
				CB7E574AC039115EB0C2BA8D /* [CP] Check Pods Manifest.lock */,
				98CAFE6320A355BD00938C16 /* Sources */,
				98CAFE6420A355BD00938C16 /* Frameworks */,
				98CAFE6520A355BD00938C16 /* Resources */,
				A1DB613DD38FC6EDBDDA5B04 /* [CP] Embed Pods Frameworks */,
			);
			buildRules = (
			);
			dependencies = (
			);
			name = StudyClub;
			productName = StudyClub;
			productReference = 98CAFE6720A355BD00938C16 /* StudyClub.app */;
			productType = "com.apple.product-type.application";
		};
		98CAFE7A20A355BF00938C16 /* StudyClubTests */ = {
			isa = PBXNativeTarget;
			buildConfigurationList = 98CAFE9220A355BF00938C16 /* Build configuration list for PBXNativeTarget "StudyClubTests" */;
			buildPhases = (
				B75C0A3AEEEEB6AFABF9BBA1 /* [CP] Check Pods Manifest.lock */,
				98CAFE7720A355BF00938C16 /* Sources */,
				98CAFE7820A355BF00938C16 /* Frameworks */,
				98CAFE7920A355BF00938C16 /* Resources */,
			);
			buildRules = (
			);
			dependencies = (
				98CAFE7D20A355BF00938C16 /* PBXTargetDependency */,
			);
			name = StudyClubTests;
			productName = StudyClubTests;
			productReference = 98CAFE7B20A355BF00938C16 /* StudyClubTests.xctest */;
			productType = "com.apple.product-type.bundle.unit-test";
		};
		98CAFE8520A355BF00938C16 /* StudyClubUITests */ = {
			isa = PBXNativeTarget;
			buildConfigurationList = 98CAFE9520A355BF00938C16 /* Build configuration list for PBXNativeTarget "StudyClubUITests" */;
			buildPhases = (
				DA915B8CB9DAD6C525613C95 /* [CP] Check Pods Manifest.lock */,
				98CAFE8220A355BF00938C16 /* Sources */,
				98CAFE8320A355BF00938C16 /* Frameworks */,
				98CAFE8420A355BF00938C16 /* Resources */,
			);
			buildRules = (
			);
			dependencies = (
				98CAFE8820A355BF00938C16 /* PBXTargetDependency */,
			);
			name = StudyClubUITests;
			productName = StudyClubUITests;
			productReference = 98CAFE8620A355BF00938C16 /* StudyClubUITests.xctest */;
			productType = "com.apple.product-type.bundle.ui-testing";
		};
/* End PBXNativeTarget section */

/* Begin PBXProject section */
		98CAFE5F20A355BD00938C16 /* Project object */ = {
			isa = PBXProject;
			attributes = {
				LastSwiftUpdateCheck = 0930;
				LastUpgradeCheck = 0930;
				ORGANIZATIONNAME = "Gabriel Marques Bandeira";
				TargetAttributes = {
					98CAFE6620A355BD00938C16 = {
						CreatedOnToolsVersion = 9.3;
					};
					98CAFE7A20A355BF00938C16 = {
						CreatedOnToolsVersion = 9.3;
						TestTargetID = 98CAFE6620A355BD00938C16;
					};
					98CAFE8520A355BF00938C16 = {
						CreatedOnToolsVersion = 9.3;
						TestTargetID = 98CAFE6620A355BD00938C16;
					};
				};
			};
			buildConfigurationList = 98CAFE6220A355BD00938C16 /* Build configuration list for PBXProject "StudyClub" */;
			compatibilityVersion = "Xcode 9.3";
			developmentRegion = en;
			hasScannedForEncodings = 0;
			knownRegions = (
				en,
				Base,
			);
			mainGroup = 98CAFE5E20A355BD00938C16;
			productRefGroup = 98CAFE6820A355BD00938C16 /* Products */;
			projectDirPath = "";
			projectRoot = "";
			targets = (
				98CAFE6620A355BD00938C16 /* StudyClub */,
				98CAFE7A20A355BF00938C16 /* StudyClubTests */,
				98CAFE8520A355BF00938C16 /* StudyClubUITests */,
			);
		};
/* End PBXProject section */

/* Begin PBXResourcesBuildPhase section */
		98CAFE6520A355BD00938C16 /* Resources */ = {
			isa = PBXResourcesBuildPhase;
			buildActionMask = 2147483647;
			files = (
				980511D820ACC21A00C461F1 /* AlunoMain.storyboard in Resources */,
				98FE663E20ACD81E009AF660 /* Home.storyboard in Resources */,
				98CAFE7520A355BE00938C16 /* LaunchScreen.storyboard in Resources */,
				98CAFE7220A355BE00938C16 /* Assets.xcassets in Resources */,
				98CAFE7020A355BD00938C16 /* Main.storyboard in Resources */,
				98D06A1F20ACE2210062D530 /* GoogleService-Info.plist in Resources */,
			);
			runOnlyForDeploymentPostprocessing = 0;
		};
		98CAFE7920A355BF00938C16 /* Resources */ = {
			isa = PBXResourcesBuildPhase;
			buildActionMask = 2147483647;
			files = (
			);
			runOnlyForDeploymentPostprocessing = 0;
		};
		98CAFE8420A355BF00938C16 /* Resources */ = {
			isa = PBXResourcesBuildPhase;
			buildActionMask = 2147483647;
			files = (
			);
			runOnlyForDeploymentPostprocessing = 0;
		};
/* End PBXResourcesBuildPhase section */

/* Begin PBXShellScriptBuildPhase section */
		A1DB613DD38FC6EDBDDA5B04 /* [CP] Embed Pods Frameworks */ = {
			isa = PBXShellScriptBuildPhase;
			buildActionMask = 2147483647;
			files = (
			);
			inputPaths = (
				"${SRCROOT}/Pods/Target Support Files/Pods-StudyClub/Pods-StudyClub-frameworks.sh",
				"${BUILT_PRODUCTS_DIR}/BoringSSL/openssl.framework",
				"${BUILT_PRODUCTS_DIR}/GTMSessionFetcher/GTMSessionFetcher.framework",
				"${BUILT_PRODUCTS_DIR}/GoogleToolboxForMac/GoogleToolboxForMac.framework",
				"${BUILT_PRODUCTS_DIR}/Protobuf/Protobuf.framework",
				"${BUILT_PRODUCTS_DIR}/gRPC/GRPCClient.framework",
				"${BUILT_PRODUCTS_DIR}/gRPC-Core/grpc.framework",
				"${BUILT_PRODUCTS_DIR}/gRPC-ProtoRPC/ProtoRPC.framework",
				"${BUILT_PRODUCTS_DIR}/gRPC-RxLibrary/RxLibrary.framework",
				"${BUILT_PRODUCTS_DIR}/leveldb-library/leveldb.framework",
				"${BUILT_PRODUCTS_DIR}/nanopb/nanopb.framework",
			);
			name = "[CP] Embed Pods Frameworks";
			outputPaths = (
				"${TARGET_BUILD_DIR}/${FRAMEWORKS_FOLDER_PATH}/openssl.framework",
				"${TARGET_BUILD_DIR}/${FRAMEWORKS_FOLDER_PATH}/GTMSessionFetcher.framework",
				"${TARGET_BUILD_DIR}/${FRAMEWORKS_FOLDER_PATH}/GoogleToolboxForMac.framework",
				"${TARGET_BUILD_DIR}/${FRAMEWORKS_FOLDER_PATH}/Protobuf.framework",
				"${TARGET_BUILD_DIR}/${FRAMEWORKS_FOLDER_PATH}/GRPCClient.framework",
				"${TARGET_BUILD_DIR}/${FRAMEWORKS_FOLDER_PATH}/grpc.framework",
				"${TARGET_BUILD_DIR}/${FRAMEWORKS_FOLDER_PATH}/ProtoRPC.framework",
				"${TARGET_BUILD_DIR}/${FRAMEWORKS_FOLDER_PATH}/RxLibrary.framework",
				"${TARGET_BUILD_DIR}/${FRAMEWORKS_FOLDER_PATH}/leveldb.framework",
				"${TARGET_BUILD_DIR}/${FRAMEWORKS_FOLDER_PATH}/nanopb.framework",
			);
			runOnlyForDeploymentPostprocessing = 0;
			shellPath = /bin/sh;
			shellScript = "\"${SRCROOT}/Pods/Target Support Files/Pods-StudyClub/Pods-StudyClub-frameworks.sh\"\n";
			showEnvVarsInLog = 0;
		};
		B75C0A3AEEEEB6AFABF9BBA1 /* [CP] Check Pods Manifest.lock */ = {
			isa = PBXShellScriptBuildPhase;
			buildActionMask = 2147483647;
			files = (
			);
			inputPaths = (
				"${PODS_PODFILE_DIR_PATH}/Podfile.lock",
				"${PODS_ROOT}/Manifest.lock",
			);
			name = "[CP] Check Pods Manifest.lock";
			outputPaths = (
				"$(DERIVED_FILE_DIR)/Pods-StudyClubTests-checkManifestLockResult.txt",
			);
			runOnlyForDeploymentPostprocessing = 0;
			shellPath = /bin/sh;
			shellScript = "diff \"${PODS_PODFILE_DIR_PATH}/Podfile.lock\" \"${PODS_ROOT}/Manifest.lock\" > /dev/null\nif [ $? != 0 ] ; then\n    # print error to STDERR\n    echo \"error: The sandbox is not in sync with the Podfile.lock. Run 'pod install' or update your CocoaPods installation.\" >&2\n    exit 1\nfi\n# This output is used by Xcode 'outputs' to avoid re-running this script phase.\necho \"SUCCESS\" > \"${SCRIPT_OUTPUT_FILE_0}\"\n";
			showEnvVarsInLog = 0;
		};
		CB7E574AC039115EB0C2BA8D /* [CP] Check Pods Manifest.lock */ = {
			isa = PBXShellScriptBuildPhase;
			buildActionMask = 2147483647;
			files = (
			);
			inputPaths = (
				"${PODS_PODFILE_DIR_PATH}/Podfile.lock",
				"${PODS_ROOT}/Manifest.lock",
			);
			name = "[CP] Check Pods Manifest.lock";
			outputPaths = (
				"$(DERIVED_FILE_DIR)/Pods-StudyClub-checkManifestLockResult.txt",
			);
			runOnlyForDeploymentPostprocessing = 0;
			shellPath = /bin/sh;
			shellScript = "diff \"${PODS_PODFILE_DIR_PATH}/Podfile.lock\" \"${PODS_ROOT}/Manifest.lock\" > /dev/null\nif [ $? != 0 ] ; then\n    # print error to STDERR\n    echo \"error: The sandbox is not in sync with the Podfile.lock. Run 'pod install' or update your CocoaPods installation.\" >&2\n    exit 1\nfi\n# This output is used by Xcode 'outputs' to avoid re-running this script phase.\necho \"SUCCESS\" > \"${SCRIPT_OUTPUT_FILE_0}\"\n";
			showEnvVarsInLog = 0;
		};
		DA915B8CB9DAD6C525613C95 /* [CP] Check Pods Manifest.lock */ = {
			isa = PBXShellScriptBuildPhase;
			buildActionMask = 2147483647;
			files = (
			);
			inputPaths = (
				"${PODS_PODFILE_DIR_PATH}/Podfile.lock",
				"${PODS_ROOT}/Manifest.lock",
			);
			name = "[CP] Check Pods Manifest.lock";
			outputPaths = (
				"$(DERIVED_FILE_DIR)/Pods-StudyClubUITests-checkManifestLockResult.txt",
			);
			runOnlyForDeploymentPostprocessing = 0;
			shellPath = /bin/sh;
			shellScript = "diff \"${PODS_PODFILE_DIR_PATH}/Podfile.lock\" \"${PODS_ROOT}/Manifest.lock\" > /dev/null\nif [ $? != 0 ] ; then\n    # print error to STDERR\n    echo \"error: The sandbox is not in sync with the Podfile.lock. Run 'pod install' or update your CocoaPods installation.\" >&2\n    exit 1\nfi\n# This output is used by Xcode 'outputs' to avoid re-running this script phase.\necho \"SUCCESS\" > \"${SCRIPT_OUTPUT_FILE_0}\"\n";
			showEnvVarsInLog = 0;
		};
/* End PBXShellScriptBuildPhase section */

/* Begin PBXSourcesBuildPhase section */
		98CAFE6320A355BD00938C16 /* Sources */ = {
			isa = PBXSourcesBuildPhase;
			buildActionMask = 2147483647;
			files = (
				98A74EED20A6078700CDCE27 /* Section.swift in Sources */,
				989A002A20A9EE2700D6545C /* CadastroMateriaViewController.swift in Sources */,
				980511D220ACBFD100C461F1 /* RankingTableViewCell.swift in Sources */,
				98FE664220ACD82E009AF660 /* RegisterController.swift in Sources */,
				98A74EEE20A6078700CDCE27 /* ExpandableHeaderView.swift in Sources */,
				980511D620ACC07D00C461F1 /* FirstAnswerViewController.swift in Sources */,
				98CAFE6D20A355BD00938C16 /* ViewController.swift in Sources */,
				980511B720AC9A8C00C461F1 /* StoryCollectionViewCell.swift in Sources */,
				98CAFE9920A36B9B00938C16 /* ExpandedTableViewCell.swift in Sources */,
				980511C320ACBDA700C461F1 /* ShowQuestionViewController.swift in Sources */,
				98CAFE9F20A38E6B00938C16 /* ContractedTableViewCell.swift in Sources */,
				980511DA20ACC22100C461F1 /* AlunoViewController.swift in Sources */,
				98FE664020ACD827009AF660 /* LoginController.swift in Sources */,
				980511B920ACAAD300C461F1 /* StoryViewController.swift in Sources */,
				980511B520AC91F300C461F1 /* StudentMainViewController.swift in Sources */,
				980511CD20ACBFC500C461F1 /* RankingViewController.swift in Sources */,
				980511BD20ACBD7F00C461F1 /* CustomViewCell.swift in Sources */,
				989A002820A9EDBE00D6545C /* SubjectViewController.swift in Sources */,
				980511C120ACBD9B00C461F1 /* QuestionsViewController.swift in Sources */,
				989A002C20A9F5FD00D6545C /* SubjectTableViewCell.swift in Sources */,
				980511B320AC8DA700C461F1 /* PostQuestionViewController.swift in Sources */,
				980511DC20ACC22A00C461F1 /* AlunoAddClassViewController.swift in Sources */,
				98CAFE6B20A355BD00938C16 /* AppDelegate.swift in Sources */,
			);
			runOnlyForDeploymentPostprocessing = 0;
		};
		98CAFE7720A355BF00938C16 /* Sources */ = {
			isa = PBXSourcesBuildPhase;
			buildActionMask = 2147483647;
			files = (
				98CAFE8020A355BF00938C16 /* StudyClubTests.swift in Sources */,
			);
			runOnlyForDeploymentPostprocessing = 0;
		};
		98CAFE8220A355BF00938C16 /* Sources */ = {
			isa = PBXSourcesBuildPhase;
			buildActionMask = 2147483647;
			files = (
				98CAFE8B20A355BF00938C16 /* StudyClubUITests.swift in Sources */,
			);
			runOnlyForDeploymentPostprocessing = 0;
		};
/* End PBXSourcesBuildPhase section */

/* Begin PBXTargetDependency section */
		98CAFE7D20A355BF00938C16 /* PBXTargetDependency */ = {
			isa = PBXTargetDependency;
			target = 98CAFE6620A355BD00938C16 /* StudyClub */;
			targetProxy = 98CAFE7C20A355BF00938C16 /* PBXContainerItemProxy */;
		};
		98CAFE8820A355BF00938C16 /* PBXTargetDependency */ = {
			isa = PBXTargetDependency;
			target = 98CAFE6620A355BD00938C16 /* StudyClub */;
			targetProxy = 98CAFE8720A355BF00938C16 /* PBXContainerItemProxy */;
		};
/* End PBXTargetDependency section */

/* Begin PBXVariantGroup section */
		98CAFE6E20A355BD00938C16 /* Main.storyboard */ = {
			isa = PBXVariantGroup;
			children = (
				98CAFE6F20A355BD00938C16 /* Base */,
			);
			name = Main.storyboard;
			sourceTree = "<group>";
		};
		98CAFE7320A355BE00938C16 /* LaunchScreen.storyboard */ = {
			isa = PBXVariantGroup;
			children = (
				98CAFE7420A355BE00938C16 /* Base */,
			);
			name = LaunchScreen.storyboard;
			sourceTree = "<group>";
		};
/* End PBXVariantGroup section */

/* Begin XCBuildConfiguration section */
		98CAFE8D20A355BF00938C16 /* Debug */ = {
			isa = XCBuildConfiguration;
			buildSettings = {
				ALWAYS_SEARCH_USER_PATHS = NO;
				CLANG_ANALYZER_NONNULL = YES;
				CLANG_ANALYZER_NUMBER_OBJECT_CONVERSION = YES_AGGRESSIVE;
				CLANG_CXX_LANGUAGE_STANDARD = "gnu++14";
				CLANG_CXX_LIBRARY = "libc++";
				CLANG_ENABLE_MODULES = YES;
				CLANG_ENABLE_OBJC_ARC = YES;
				CLANG_ENABLE_OBJC_WEAK = YES;
				CLANG_WARN_BLOCK_CAPTURE_AUTORELEASING = YES;
				CLANG_WARN_BOOL_CONVERSION = YES;
				CLANG_WARN_COMMA = YES;
				CLANG_WARN_CONSTANT_CONVERSION = YES;
				CLANG_WARN_DEPRECATED_OBJC_IMPLEMENTATIONS = YES;
				CLANG_WARN_DIRECT_OBJC_ISA_USAGE = YES_ERROR;
				CLANG_WARN_DOCUMENTATION_COMMENTS = YES;
				CLANG_WARN_EMPTY_BODY = YES;
				CLANG_WARN_ENUM_CONVERSION = YES;
				CLANG_WARN_INFINITE_RECURSION = YES;
				CLANG_WARN_INT_CONVERSION = YES;
				CLANG_WARN_NON_LITERAL_NULL_CONVERSION = YES;
				CLANG_WARN_OBJC_IMPLICIT_RETAIN_SELF = YES;
				CLANG_WARN_OBJC_LITERAL_CONVERSION = YES;
				CLANG_WARN_OBJC_ROOT_CLASS = YES_ERROR;
				CLANG_WARN_RANGE_LOOP_ANALYSIS = YES;
				CLANG_WARN_STRICT_PROTOTYPES = YES;
				CLANG_WARN_SUSPICIOUS_MOVE = YES;
				CLANG_WARN_UNGUARDED_AVAILABILITY = YES_AGGRESSIVE;
				CLANG_WARN_UNREACHABLE_CODE = YES;
				CLANG_WARN__DUPLICATE_METHOD_MATCH = YES;
				CODE_SIGN_IDENTITY = "iPhone Developer";
				COPY_PHASE_STRIP = NO;
				DEBUG_INFORMATION_FORMAT = dwarf;
				ENABLE_STRICT_OBJC_MSGSEND = YES;
				ENABLE_TESTABILITY = YES;
				GCC_C_LANGUAGE_STANDARD = gnu11;
				GCC_DYNAMIC_NO_PIC = NO;
				GCC_NO_COMMON_BLOCKS = YES;
				GCC_OPTIMIZATION_LEVEL = 0;
				GCC_PREPROCESSOR_DEFINITIONS = (
					"DEBUG=1",
					"$(inherited)",
				);
				GCC_WARN_64_TO_32_BIT_CONVERSION = YES;
				GCC_WARN_ABOUT_RETURN_TYPE = YES_ERROR;
				GCC_WARN_UNDECLARED_SELECTOR = YES;
				GCC_WARN_UNINITIALIZED_AUTOS = YES_AGGRESSIVE;
				GCC_WARN_UNUSED_FUNCTION = YES;
				GCC_WARN_UNUSED_VARIABLE = YES;
				IPHONEOS_DEPLOYMENT_TARGET = 11.3;
				MTL_ENABLE_DEBUG_INFO = YES;
				ONLY_ACTIVE_ARCH = YES;
				SDKROOT = iphoneos;
				SWIFT_ACTIVE_COMPILATION_CONDITIONS = DEBUG;
				SWIFT_OPTIMIZATION_LEVEL = "-Onone";
			};
			name = Debug;
		};
		98CAFE8E20A355BF00938C16 /* Release */ = {
			isa = XCBuildConfiguration;
			buildSettings = {
				ALWAYS_SEARCH_USER_PATHS = NO;
				CLANG_ANALYZER_NONNULL = YES;
				CLANG_ANALYZER_NUMBER_OBJECT_CONVERSION = YES_AGGRESSIVE;
				CLANG_CXX_LANGUAGE_STANDARD = "gnu++14";
				CLANG_CXX_LIBRARY = "libc++";
				CLANG_ENABLE_MODULES = YES;
				CLANG_ENABLE_OBJC_ARC = YES;
				CLANG_ENABLE_OBJC_WEAK = YES;
				CLANG_WARN_BLOCK_CAPTURE_AUTORELEASING = YES;
				CLANG_WARN_BOOL_CONVERSION = YES;
				CLANG_WARN_COMMA = YES;
				CLANG_WARN_CONSTANT_CONVERSION = YES;
				CLANG_WARN_DEPRECATED_OBJC_IMPLEMENTATIONS = YES;
				CLANG_WARN_DIRECT_OBJC_ISA_USAGE = YES_ERROR;
				CLANG_WARN_DOCUMENTATION_COMMENTS = YES;
				CLANG_WARN_EMPTY_BODY = YES;
				CLANG_WARN_ENUM_CONVERSION = YES;
				CLANG_WARN_INFINITE_RECURSION = YES;
				CLANG_WARN_INT_CONVERSION = YES;
				CLANG_WARN_NON_LITERAL_NULL_CONVERSION = YES;
				CLANG_WARN_OBJC_IMPLICIT_RETAIN_SELF = YES;
				CLANG_WARN_OBJC_LITERAL_CONVERSION = YES;
				CLANG_WARN_OBJC_ROOT_CLASS = YES_ERROR;
				CLANG_WARN_RANGE_LOOP_ANALYSIS = YES;
				CLANG_WARN_STRICT_PROTOTYPES = YES;
				CLANG_WARN_SUSPICIOUS_MOVE = YES;
				CLANG_WARN_UNGUARDED_AVAILABILITY = YES_AGGRESSIVE;
				CLANG_WARN_UNREACHABLE_CODE = YES;
				CLANG_WARN__DUPLICATE_METHOD_MATCH = YES;
				CODE_SIGN_IDENTITY = "iPhone Developer";
				COPY_PHASE_STRIP = NO;
				DEBUG_INFORMATION_FORMAT = "dwarf-with-dsym";
				ENABLE_NS_ASSERTIONS = NO;
				ENABLE_STRICT_OBJC_MSGSEND = YES;
				GCC_C_LANGUAGE_STANDARD = gnu11;
				GCC_NO_COMMON_BLOCKS = YES;
				GCC_WARN_64_TO_32_BIT_CONVERSION = YES;
				GCC_WARN_ABOUT_RETURN_TYPE = YES_ERROR;
				GCC_WARN_UNDECLARED_SELECTOR = YES;
				GCC_WARN_UNINITIALIZED_AUTOS = YES_AGGRESSIVE;
				GCC_WARN_UNUSED_FUNCTION = YES;
				GCC_WARN_UNUSED_VARIABLE = YES;
				IPHONEOS_DEPLOYMENT_TARGET = 11.3;
				MTL_ENABLE_DEBUG_INFO = NO;
				SDKROOT = iphoneos;
				SWIFT_COMPILATION_MODE = wholemodule;
				SWIFT_OPTIMIZATION_LEVEL = "-O";
				VALIDATE_PRODUCT = YES;
			};
			name = Release;
		};
		98CAFE9020A355BF00938C16 /* Debug */ = {
			isa = XCBuildConfiguration;
			baseConfigurationReference = 8E3881A32B2A21F138F4509B /* Pods-StudyClub.debug.xcconfig */;
			buildSettings = {
				ASSETCATALOG_COMPILER_APPICON_NAME = AppIcon;
				CODE_SIGN_STYLE = Automatic;
				DEVELOPMENT_TEAM = YCXC9CRQK2;
				INFOPLIST_FILE = StudyClub/Info.plist;
				LD_RUNPATH_SEARCH_PATHS = (
					"$(inherited)",
					"@executable_path/Frameworks",
				);
				PRODUCT_BUNDLE_IDENTIFIER = cin.ufpe.ios;
				PRODUCT_NAME = "$(TARGET_NAME)";
				SWIFT_VERSION = 4.0;
				TARGETED_DEVICE_FAMILY = "1,2";
			};
			name = Debug;
		};
		98CAFE9120A355BF00938C16 /* Release */ = {
			isa = XCBuildConfiguration;
			baseConfigurationReference = B8E7CF9D88698418956E834A /* Pods-StudyClub.release.xcconfig */;
			buildSettings = {
				ASSETCATALOG_COMPILER_APPICON_NAME = AppIcon;
				CODE_SIGN_STYLE = Automatic;
				DEVELOPMENT_TEAM = YCXC9CRQK2;
				INFOPLIST_FILE = StudyClub/Info.plist;
				LD_RUNPATH_SEARCH_PATHS = (
					"$(inherited)",
					"@executable_path/Frameworks",
				);
				PRODUCT_BUNDLE_IDENTIFIER = cin.ufpe.ios;
				PRODUCT_NAME = "$(TARGET_NAME)";
				SWIFT_VERSION = 4.0;
				TARGETED_DEVICE_FAMILY = "1,2";
			};
			name = Release;
		};
		98CAFE9320A355BF00938C16 /* Debug */ = {
			isa = XCBuildConfiguration;
			baseConfigurationReference = 86D47EA949A78FE61451B0AF /* Pods-StudyClubTests.debug.xcconfig */;
			buildSettings = {
				ALWAYS_EMBED_SWIFT_STANDARD_LIBRARIES = YES;
				BUNDLE_LOADER = "$(TEST_HOST)";
				CODE_SIGN_STYLE = Automatic;
				INFOPLIST_FILE = StudyClubTests/Info.plist;
				LD_RUNPATH_SEARCH_PATHS = (
					"$(inherited)",
					"@executable_path/Frameworks",
					"@loader_path/Frameworks",
				);
				PRODUCT_BUNDLE_IDENTIFIER = br.ufpe.cin.StudyClubTests;
				PRODUCT_NAME = "$(TARGET_NAME)";
				SWIFT_VERSION = 4.0;
				TARGETED_DEVICE_FAMILY = "1,2";
				TEST_HOST = "$(BUILT_PRODUCTS_DIR)/StudyClub.app/StudyClub";
			};
			name = Debug;
		};
		98CAFE9420A355BF00938C16 /* Release */ = {
			isa = XCBuildConfiguration;
			baseConfigurationReference = 56FA7C4A2114DC6BF5D598D5 /* Pods-StudyClubTests.release.xcconfig */;
			buildSettings = {
				ALWAYS_EMBED_SWIFT_STANDARD_LIBRARIES = YES;
				BUNDLE_LOADER = "$(TEST_HOST)";
				CODE_SIGN_STYLE = Automatic;
				INFOPLIST_FILE = StudyClubTests/Info.plist;
				LD_RUNPATH_SEARCH_PATHS = (
					"$(inherited)",
					"@executable_path/Frameworks",
					"@loader_path/Frameworks",
				);
				PRODUCT_BUNDLE_IDENTIFIER = br.ufpe.cin.StudyClubTests;
				PRODUCT_NAME = "$(TARGET_NAME)";
				SWIFT_VERSION = 4.0;
				TARGETED_DEVICE_FAMILY = "1,2";
				TEST_HOST = "$(BUILT_PRODUCTS_DIR)/StudyClub.app/StudyClub";
			};
			name = Release;
		};
		98CAFE9620A355BF00938C16 /* Debug */ = {
			isa = XCBuildConfiguration;
			baseConfigurationReference = 7CC66F1616FD738299976805 /* Pods-StudyClubUITests.debug.xcconfig */;
			buildSettings = {
				ALWAYS_EMBED_SWIFT_STANDARD_LIBRARIES = YES;
				CODE_SIGN_STYLE = Automatic;
				INFOPLIST_FILE = StudyClubUITests/Info.plist;
				LD_RUNPATH_SEARCH_PATHS = (
					"$(inherited)",
					"@executable_path/Frameworks",
					"@loader_path/Frameworks",
				);
				PRODUCT_BUNDLE_IDENTIFIER = br.ufpe.cin.StudyClubUITests;
				PRODUCT_NAME = "$(TARGET_NAME)";
				SWIFT_VERSION = 4.0;
				TARGETED_DEVICE_FAMILY = "1,2";
				TEST_TARGET_NAME = StudyClub;
			};
			name = Debug;
		};
		98CAFE9720A355BF00938C16 /* Release */ = {
			isa = XCBuildConfiguration;
			baseConfigurationReference = C4B50B59FB8C84FC75E72574 /* Pods-StudyClubUITests.release.xcconfig */;
			buildSettings = {
				ALWAYS_EMBED_SWIFT_STANDARD_LIBRARIES = YES;
				CODE_SIGN_STYLE = Automatic;
				INFOPLIST_FILE = StudyClubUITests/Info.plist;
				LD_RUNPATH_SEARCH_PATHS = (
					"$(inherited)",
					"@executable_path/Frameworks",
					"@loader_path/Frameworks",
				);
				PRODUCT_BUNDLE_IDENTIFIER = br.ufpe.cin.StudyClubUITests;
				PRODUCT_NAME = "$(TARGET_NAME)";
				SWIFT_VERSION = 4.0;
				TARGETED_DEVICE_FAMILY = "1,2";
				TEST_TARGET_NAME = StudyClub;
			};
			name = Release;
		};
/* End XCBuildConfiguration section */

/* Begin XCConfigurationList section */
		98CAFE6220A355BD00938C16 /* Build configuration list for PBXProject "StudyClub" */ = {
			isa = XCConfigurationList;
			buildConfigurations = (
				98CAFE8D20A355BF00938C16 /* Debug */,
				98CAFE8E20A355BF00938C16 /* Release */,
			);
			defaultConfigurationIsVisible = 0;
			defaultConfigurationName = Release;
		};
		98CAFE8F20A355BF00938C16 /* Build configuration list for PBXNativeTarget "StudyClub" */ = {
			isa = XCConfigurationList;
			buildConfigurations = (
				98CAFE9020A355BF00938C16 /* Debug */,
				98CAFE9120A355BF00938C16 /* Release */,
			);
			defaultConfigurationIsVisible = 0;
			defaultConfigurationName = Release;
		};
		98CAFE9220A355BF00938C16 /* Build configuration list for PBXNativeTarget "StudyClubTests" */ = {
			isa = XCConfigurationList;
			buildConfigurations = (
				98CAFE9320A355BF00938C16 /* Debug */,
				98CAFE9420A355BF00938C16 /* Release */,
			);
			defaultConfigurationIsVisible = 0;
			defaultConfigurationName = Release;
		};
		98CAFE9520A355BF00938C16 /* Build configuration list for PBXNativeTarget "StudyClubUITests" */ = {
			isa = XCConfigurationList;
			buildConfigurations = (
				98CAFE9620A355BF00938C16 /* Debug */,
				98CAFE9720A355BF00938C16 /* Release */,
			);
			defaultConfigurationIsVisible = 0;
			defaultConfigurationName = Release;
		};
/* End XCConfigurationList section */
	};
	rootObject = 98CAFE5F20A355BD00938C16 /* Project object */;
}
